
Microsoft Visual Studio Solution File, Format Version 12.00
# Visual Studio Version 16
VisualStudioVersion = 16.0.29613.14
MinimumVisualStudioVersion = 10.0.40219.1
Project("{9A19103F-16F7-4668-BE54-9A1E7A4F7556}") = "Taxi.Common", "Taxi.Common\Taxi.Common.csproj", "{CDD2C0E5-DA49-4058-8724-33889B02CB05}"
EndProject
Project("{9A19103F-16F7-4668-BE54-9A1E7A4F7556}") = "Taxi.Web", "Taxi.Web\Taxi.Web.csproj", "{C5B475F5-7D87-4ACC-AD6E-EBEC0CF7EBC6}"
EndProject
Project("{9A19103F-16F7-4668-BE54-9A1E7A4F7556}") = "Taxi.Prism", "Taxi.Prism\Taxi.Prism\Taxi.Prism.csproj", "{B054AC02-581B-4EC4-9813-F975A0EB3BBF}"
EndProject
Project("{FAE04EC0-301F-11D3-BF4B-00C04F79EFBC}") = "Taxi.Prism.Android", "Taxi.Prism\Taxi.Prism.Android\Taxi.Prism.Android.csproj", "{EF02400B-D3CE-4A6E-9811-5A8442ED5ACA}"
EndProject
Project("{FAE04EC0-301F-11D3-BF4B-00C04F79EFBC}") = "Taxi.Prism.iOS", "Taxi.Prism\Taxi.Prism.iOS\Taxi.Prism.iOS.csproj", "{AA398443-5CBB-4636-8135-76FDED18FEEB}"
EndProject
Project("{FAE04EC0-301F-11D3-BF4B-00C04F79EFBC}") = "Taxi.Cross.Android", "Taxi.Cross.Android\Taxi.Cross.Android.csproj", "{BE8DBC8B-C3C1-4061-B087-4DD0333F9B55}"
EndProject
Project("{FAE04EC0-301F-11D3-BF4B-00C04F79EFBC}") = "Taxi.Cross.iOS", "Taxi.Cross.iOS\Taxi.Cross.iOS.csproj", "{A6CD2AEF-BE8B-4D9F-A772-C70CF0AA43C6}"
EndProject
Global
	GlobalSection(SolutionConfigurationPlatforms) = preSolution
		Ad-Hoc|Any CPU = Ad-Hoc|Any CPU
		Ad-Hoc|iPhone = Ad-Hoc|iPhone
		Ad-Hoc|iPhoneSimulator = Ad-Hoc|iPhoneSimulator
		AppStore|Any CPU = AppStore|Any CPU
		AppStore|iPhone = AppStore|iPhone
		AppStore|iPhoneSimulator = AppStore|iPhoneSimulator
		Debug|Any CPU = Debug|Any CPU
		Debug|iPhone = Debug|iPhone
		Debug|iPhoneSimulator = Debug|iPhoneSimulator
		Release|Any CPU = Release|Any CPU
		Release|iPhone = Release|iPhone
		Release|iPhoneSimulator = Release|iPhoneSimulator
	EndGlobalSection
	GlobalSection(ProjectConfigurationPlatforms) = postSolution
		{CDD2C0E5-DA49-4058-8724-33889B02CB05}.Ad-Hoc|Any CPU.ActiveCfg = Debug|Any CPU
		{CDD2C0E5-DA49-4058-8724-33889B02CB05}.Ad-Hoc|Any CPU.Build.0 = Debug|Any CPU
		{CDD2C0E5-DA49-4058-8724-33889B02CB05}.Ad-Hoc|iPhone.ActiveCfg = Debug|Any CPU
		{CDD2C0E5-DA49-4058-8724-33889B02CB05}.Ad-Hoc|iPhone.Build.0 = Debug|Any CPU
		{CDD2C0E5-DA49-4058-8724-33889B02CB05}.Ad-Hoc|iPhoneSimulator.ActiveCfg = Debug|Any CPU
		{CDD2C0E5-DA49-4058-8724-33889B02CB05}.Ad-Hoc|iPhoneSimulator.Build.0 = Debug|Any CPU
		{CDD2C0E5-DA49-4058-8724-33889B02CB05}.AppStore|Any CPU.ActiveCfg = Debug|Any CPU
		{CDD2C0E5-DA49-4058-8724-33889B02CB05}.AppStore|Any CPU.Build.0 = Debug|Any CPU
		{CDD2C0E5-DA49-4058-8724-33889B02CB05}.AppStore|iPhone.ActiveCfg = Debug|Any CPU
		{CDD2C0E5-DA49-4058-8724-33889B02CB05}.AppStore|iPhone.Build.0 = Debug|Any CPU
		{CDD2C0E5-DA49-4058-8724-33889B02CB05}.AppStore|iPhoneSimulator.ActiveCfg = Debug|Any CPU
		{CDD2C0E5-DA49-4058-8724-33889B02CB05}.AppStore|iPhoneSimulator.Build.0 = Debug|Any CPU
		{CDD2C0E5-DA49-4058-8724-33889B02CB05}.Debug|Any CPU.ActiveCfg = Debug|Any CPU
		{CDD2C0E5-DA49-4058-8724-33889B02CB05}.Debug|Any CPU.Build.0 = Debug|Any CPU
		{CDD2C0E5-DA49-4058-8724-33889B02CB05}.Debug|iPhone.ActiveCfg = Debug|Any CPU
		{CDD2C0E5-DA49-4058-8724-33889B02CB05}.Debug|iPhone.Build.0 = Debug|Any CPU
		{CDD2C0E5-DA49-4058-8724-33889B02CB05}.Debug|iPhoneSimulator.ActiveCfg = Debug|Any CPU
		{CDD2C0E5-DA49-4058-8724-33889B02CB05}.Debug|iPhoneSimulator.Build.0 = Debug|Any CPU
		{CDD2C0E5-DA49-4058-8724-33889B02CB05}.Release|Any CPU.ActiveCfg = Release|Any CPU
		{CDD2C0E5-DA49-4058-8724-33889B02CB05}.Release|Any CPU.Build.0 = Release|Any CPU
		{CDD2C0E5-DA49-4058-8724-33889B02CB05}.Release|iPhone.ActiveCfg = Release|Any CPU
		{CDD2C0E5-DA49-4058-8724-33889B02CB05}.Release|iPhone.Build.0 = Release|Any CPU
		{CDD2C0E5-DA49-4058-8724-33889B02CB05}.Release|iPhoneSimulator.ActiveCfg = Release|Any CPU
		{CDD2C0E5-DA49-4058-8724-33889B02CB05}.Release|iPhoneSimulator.Build.0 = Release|Any CPU
		{C5B475F5-7D87-4ACC-AD6E-EBEC0CF7EBC6}.Ad-Hoc|Any CPU.ActiveCfg = Debug|Any CPU
		{C5B475F5-7D87-4ACC-AD6E-EBEC0CF7EBC6}.Ad-Hoc|Any CPU.Build.0 = Debug|Any CPU
		{C5B475F5-7D87-4ACC-AD6E-EBEC0CF7EBC6}.Ad-Hoc|iPhone.ActiveCfg = Debug|Any CPU
		{C5B475F5-7D87-4ACC-AD6E-EBEC0CF7EBC6}.Ad-Hoc|iPhone.Build.0 = Debug|Any CPU
		{C5B475F5-7D87-4ACC-AD6E-EBEC0CF7EBC6}.Ad-Hoc|iPhoneSimulator.ActiveCfg = Debug|Any CPU
		{C5B475F5-7D87-4ACC-AD6E-EBEC0CF7EBC6}.Ad-Hoc|iPhoneSimulator.Build.0 = Debug|Any CPU
		{C5B475F5-7D87-4ACC-AD6E-EBEC0CF7EBC6}.AppStore|Any CPU.ActiveCfg = Debug|Any CPU
		{C5B475F5-7D87-4ACC-AD6E-EBEC0CF7EBC6}.AppStore|Any CPU.Build.0 = Debug|Any CPU
		{C5B475F5-7D87-4ACC-AD6E-EBEC0CF7EBC6}.AppStore|iPhone.ActiveCfg = Debug|Any CPU
		{C5B475F5-7D87-4ACC-AD6E-EBEC0CF7EBC6}.AppStore|iPhone.Build.0 = Debug|Any CPU
		{C5B475F5-7D87-4ACC-AD6E-EBEC0CF7EBC6}.AppStore|iPhoneSimulator.ActiveCfg = Debug|Any CPU
		{C5B475F5-7D87-4ACC-AD6E-EBEC0CF7EBC6}.AppStore|iPhoneSimulator.Build.0 = Debug|Any CPU
		{C5B475F5-7D87-4ACC-AD6E-EBEC0CF7EBC6}.Debug|Any CPU.ActiveCfg = Debug|Any CPU
		{C5B475F5-7D87-4ACC-AD6E-EBEC0CF7EBC6}.Debug|Any CPU.Build.0 = Debug|Any CPU
		{C5B475F5-7D87-4ACC-AD6E-EBEC0CF7EBC6}.Debug|iPhone.ActiveCfg = Debug|Any CPU
		{C5B475F5-7D87-4ACC-AD6E-EBEC0CF7EBC6}.Debug|iPhone.Build.0 = Debug|Any CPU
		{C5B475F5-7D87-4ACC-AD6E-EBEC0CF7EBC6}.Debug|iPhoneSimulator.ActiveCfg = Debug|Any CPU
		{C5B475F5-7D87-4ACC-AD6E-EBEC0CF7EBC6}.Debug|iPhoneSimulator.Build.0 = Debug|Any CPU
		{C5B475F5-7D87-4ACC-AD6E-EBEC0CF7EBC6}.Release|Any CPU.ActiveCfg = Release|Any CPU
		{C5B475F5-7D87-4ACC-AD6E-EBEC0CF7EBC6}.Release|Any CPU.Build.0 = Release|Any CPU
		{C5B475F5-7D87-4ACC-AD6E-EBEC0CF7EBC6}.Release|iPhone.ActiveCfg = Release|Any CPU
		{C5B475F5-7D87-4ACC-AD6E-EBEC0CF7EBC6}.Release|iPhone.Build.0 = Release|Any CPU
		{C5B475F5-7D87-4ACC-AD6E-EBEC0CF7EBC6}.Release|iPhoneSimulator.ActiveCfg = Release|Any CPU
		{C5B475F5-7D87-4ACC-AD6E-EBEC0CF7EBC6}.Release|iPhoneSimulator.Build.0 = Release|Any CPU
		{B054AC02-581B-4EC4-9813-F975A0EB3BBF}.Ad-Hoc|Any CPU.ActiveCfg = Debug|Any CPU
		{B054AC02-581B-4EC4-9813-F975A0EB3BBF}.Ad-Hoc|Any CPU.Build.0 = Debug|Any CPU
		{B054AC02-581B-4EC4-9813-F975A0EB3BBF}.Ad-Hoc|iPhone.ActiveCfg = Debug|Any CPU
		{B054AC02-581B-4EC4-9813-F975A0EB3BBF}.Ad-Hoc|iPhone.Build.0 = Debug|Any CPU
		{B054AC02-581B-4EC4-9813-F975A0EB3BBF}.Ad-Hoc|iPhoneSimulator.ActiveCfg = Debug|Any CPU
		{B054AC02-581B-4EC4-9813-F975A0EB3BBF}.Ad-Hoc|iPhoneSimulator.Build.0 = Debug|Any CPU
		{B054AC02-581B-4EC4-9813-F975A0EB3BBF}.AppStore|Any CPU.ActiveCfg = Debug|Any CPU
		{B054AC02-581B-4EC4-9813-F975A0EB3BBF}.AppStore|Any CPU.Build.0 = Debug|Any CPU
		{B054AC02-581B-4EC4-9813-F975A0EB3BBF}.AppStore|iPhone.ActiveCfg = Debug|Any CPU
		{B054AC02-581B-4EC4-9813-F975A0EB3BBF}.AppStore|iPhone.Build.0 = Debug|Any CPU
		{B054AC02-581B-4EC4-9813-F975A0EB3BBF}.AppStore|iPhoneSimulator.ActiveCfg = Debug|Any CPU
		{B054AC02-581B-4EC4-9813-F975A0EB3BBF}.AppStore|iPhoneSimulator.Build.0 = Debug|Any CPU
		{B054AC02-581B-4EC4-9813-F975A0EB3BBF}.Debug|Any CPU.ActiveCfg = Debug|Any CPU
		{B054AC02-581B-4EC4-9813-F975A0EB3BBF}.Debug|Any CPU.Build.0 = Debug|Any CPU
		{B054AC02-581B-4EC4-9813-F975A0EB3BBF}.Debug|iPhone.ActiveCfg = Debug|Any CPU
		{B054AC02-581B-4EC4-9813-F975A0EB3BBF}.Debug|iPhone.Build.0 = Debug|Any CPU
		{B054AC02-581B-4EC4-9813-F975A0EB3BBF}.Debug|iPhoneSimulator.ActiveCfg = Debug|Any CPU
		{B054AC02-581B-4EC4-9813-F975A0EB3BBF}.Debug|iPhoneSimulator.Build.0 = Debug|Any CPU
		{B054AC02-581B-4EC4-9813-F975A0EB3BBF}.Release|Any CPU.ActiveCfg = Release|Any CPU
		{B054AC02-581B-4EC4-9813-F975A0EB3BBF}.Release|Any CPU.Build.0 = Release|Any CPU
		{B054AC02-581B-4EC4-9813-F975A0EB3BBF}.Release|iPhone.ActiveCfg = Release|Any CPU
		{B054AC02-581B-4EC4-9813-F975A0EB3BBF}.Release|iPhone.Build.0 = Release|Any CPU
		{B054AC02-581B-4EC4-9813-F975A0EB3BBF}.Release|iPhoneSimulator.ActiveCfg = Release|Any CPU
		{B054AC02-581B-4EC4-9813-F975A0EB3BBF}.Release|iPhoneSimulator.Build.0 = Release|Any CPU
		{EF02400B-D3CE-4A6E-9811-5A8442ED5ACA}.Ad-Hoc|Any CPU.ActiveCfg = Release|Any CPU
		{EF02400B-D3CE-4A6E-9811-5A8442ED5ACA}.Ad-Hoc|Any CPU.Build.0 = Release|Any CPU
		{EF02400B-D3CE-4A6E-9811-5A8442ED5ACA}.Ad-Hoc|Any CPU.Deploy.0 = Release|Any CPU
		{EF02400B-D3CE-4A6E-9811-5A8442ED5ACA}.Ad-Hoc|iPhone.ActiveCfg = Release|Any CPU
		{EF02400B-D3CE-4A6E-9811-5A8442ED5ACA}.Ad-Hoc|iPhone.Build.0 = Release|Any CPU
		{EF02400B-D3CE-4A6E-9811-5A8442ED5ACA}.Ad-Hoc|iPhone.Deploy.0 = Release|Any CPU
		{EF02400B-D3CE-4A6E-9811-5A8442ED5ACA}.Ad-Hoc|iPhoneSimulator.ActiveCfg = Release|Any CPU
		{EF02400B-D3CE-4A6E-9811-5A8442ED5ACA}.Ad-Hoc|iPhoneSimulator.Build.0 = Release|Any CPU
		{EF02400B-D3CE-4A6E-9811-5A8442ED5ACA}.Ad-Hoc|iPhoneSimulator.Deploy.0 = Release|Any CPU
		{EF02400B-D3CE-4A6E-9811-5A8442ED5ACA}.AppStore|Any CPU.ActiveCfg = Release|Any CPU
		{EF02400B-D3CE-4A6E-9811-5A8442ED5ACA}.AppStore|Any CPU.Build.0 = Release|Any CPU
		{EF02400B-D3CE-4A6E-9811-5A8442ED5ACA}.AppStore|Any CPU.Deploy.0 = Release|Any CPU
		{EF02400B-D3CE-4A6E-9811-5A8442ED5ACA}.AppStore|iPhone.ActiveCfg = Release|Any CPU
		{EF02400B-D3CE-4A6E-9811-5A8442ED5ACA}.AppStore|iPhone.Build.0 = Release|Any CPU
		{EF02400B-D3CE-4A6E-9811-5A8442ED5ACA}.AppStore|iPhone.Deploy.0 = Release|Any CPU
		{EF02400B-D3CE-4A6E-9811-5A8442ED5ACA}.AppStore|iPhoneSimulator.ActiveCfg = Release|Any CPU
		{EF02400B-D3CE-4A6E-9811-5A8442ED5ACA}.AppStore|iPhoneSimulator.Build.0 = Release|Any CPU
		{EF02400B-D3CE-4A6E-9811-5A8442ED5ACA}.AppStore|iPhoneSimulator.Deploy.0 = Release|Any CPU
		{EF02400B-D3CE-4A6E-9811-5A8442ED5ACA}.Debug|Any CPU.ActiveCfg = Debug|Any CPU
		{EF02400B-D3CE-4A6E-9811-5A8442ED5ACA}.Debug|Any CPU.Build.0 = Debug|Any CPU
		{EF02400B-D3CE-4A6E-9811-5A8442ED5ACA}.Debug|Any CPU.Deploy.0 = Debug|Any CPU
		{EF02400B-D3CE-4A6E-9811-5A8442ED5ACA}.Debug|iPhone.ActiveCfg = Debug|Any CPU
		{EF02400B-D3CE-4A6E-9811-5A8442ED5ACA}.Debug|iPhone.Build.0 = Debug|Any CPU
		{EF02400B-D3CE-4A6E-9811-5A8442ED5ACA}.Debug|iPhone.Deploy.0 = Debug|Any CPU
		{EF02400B-D3CE-4A6E-9811-5A8442ED5ACA}.Debug|iPhoneSimulator.ActiveCfg = Debug|Any CPU
		{EF02400B-D3CE-4A6E-9811-5A8442ED5ACA}.Debug|iPhoneSimulator.Build.0 = Debug|Any CPU
		{EF02400B-D3CE-4A6E-9811-5A8442ED5ACA}.Debug|iPhoneSimulator.Deploy.0 = Debug|Any CPU
		{EF02400B-D3CE-4A6E-9811-5A8442ED5ACA}.Release|Any CPU.ActiveCfg = Release|Any CPU
		{EF02400B-D3CE-4A6E-9811-5A8442ED5ACA}.Release|Any CPU.Build.0 = Release|Any CPU
		{EF02400B-D3CE-4A6E-9811-5A8442ED5ACA}.Release|Any CPU.Deploy.0 = Release|Any CPU
		{EF02400B-D3CE-4A6E-9811-5A8442ED5ACA}.Release|iPhone.ActiveCfg = Release|Any CPU
		{EF02400B-D3CE-4A6E-9811-5A8442ED5ACA}.Release|iPhone.Build.0 = Release|Any CPU
		{EF02400B-D3CE-4A6E-9811-5A8442ED5ACA}.Release|iPhone.Deploy.0 = Release|Any CPU
		{EF02400B-D3CE-4A6E-9811-5A8442ED5ACA}.Release|iPhoneSimulator.ActiveCfg = Release|Any CPU
		{EF02400B-D3CE-4A6E-9811-5A8442ED5ACA}.Release|iPhoneSimulator.Build.0 = Release|Any CPU
		{EF02400B-D3CE-4A6E-9811-5A8442ED5ACA}.Release|iPhoneSimulator.Deploy.0 = Release|Any CPU
		{AA398443-5CBB-4636-8135-76FDED18FEEB}.Ad-Hoc|Any CPU.ActiveCfg = Ad-Hoc|iPhone
		{AA398443-5CBB-4636-8135-76FDED18FEEB}.Ad-Hoc|iPhone.ActiveCfg = Ad-Hoc|iPhone
		{AA398443-5CBB-4636-8135-76FDED18FEEB}.Ad-Hoc|iPhone.Build.0 = Ad-Hoc|iPhone
		{AA398443-5CBB-4636-8135-76FDED18FEEB}.Ad-Hoc|iPhoneSimulator.ActiveCfg = Ad-Hoc|iPhoneSimulator
		{AA398443-5CBB-4636-8135-76FDED18FEEB}.Ad-Hoc|iPhoneSimulator.Build.0 = Ad-Hoc|iPhoneSimulator
		{AA398443-5CBB-4636-8135-76FDED18FEEB}.AppStore|Any CPU.ActiveCfg = AppStore|iPhone
		{AA398443-5CBB-4636-8135-76FDED18FEEB}.AppStore|iPhone.ActiveCfg = AppStore|iPhone
		{AA398443-5CBB-4636-8135-76FDED18FEEB}.AppStore|iPhone.Build.0 = AppStore|iPhone
		{AA398443-5CBB-4636-8135-76FDED18FEEB}.AppStore|iPhoneSimulator.ActiveCfg = AppStore|iPhoneSimulator
		{AA398443-5CBB-4636-8135-76FDED18FEEB}.AppStore|iPhoneSimulator.Build.0 = AppStore|iPhoneSimulator
		{AA398443-5CBB-4636-8135-76FDED18FEEB}.Debug|Any CPU.ActiveCfg = Debug|iPhone
		{AA398443-5CBB-4636-8135-76FDED18FEEB}.Debug|iPhone.ActiveCfg = Debug|iPhone
		{AA398443-5CBB-4636-8135-76FDED18FEEB}.Debug|iPhone.Build.0 = Debug|iPhone
		{AA398443-5CBB-4636-8135-76FDED18FEEB}.Debug|iPhoneSimulator.ActiveCfg = Debug|iPhoneSimulator
		{AA398443-5CBB-4636-8135-76FDED18FEEB}.Debug|iPhoneSimulator.Build.0 = Debug|iPhoneSimulator
		{AA398443-5CBB-4636-8135-76FDED18FEEB}.Release|Any CPU.ActiveCfg = Release|iPhone
		{AA398443-5CBB-4636-8135-76FDED18FEEB}.Release|iPhone.ActiveCfg = Release|iPhone
		{AA398443-5CBB-4636-8135-76FDED18FEEB}.Release|iPhone.Build.0 = Release|iPhone
		{AA398443-5CBB-4636-8135-76FDED18FEEB}.Release|iPhoneSimulator.ActiveCfg = Release|iPhoneSimulator
		{AA398443-5CBB-4636-8135-76FDED18FEEB}.Release|iPhoneSimulator.Build.0 = Release|iPhoneSimulator
		{BE8DBC8B-C3C1-4061-B087-4DD0333F9B55}.Ad-Hoc|Any CPU.ActiveCfg = Release|Any CPU
		{BE8DBC8B-C3C1-4061-B087-4DD0333F9B55}.Ad-Hoc|Any CPU.Build.0 = Release|Any CPU
		{BE8DBC8B-C3C1-4061-B087-4DD0333F9B55}.Ad-Hoc|Any CPU.Deploy.0 = Release|Any CPU
		{BE8DBC8B-C3C1-4061-B087-4DD0333F9B55}.Ad-Hoc|iPhone.ActiveCfg = Release|Any CPU
		{BE8DBC8B-C3C1-4061-B087-4DD0333F9B55}.Ad-Hoc|iPhone.Build.0 = Release|Any CPU
		{BE8DBC8B-C3C1-4061-B087-4DD0333F9B55}.Ad-Hoc|iPhone.Deploy.0 = Release|Any CPU
		{BE8DBC8B-C3C1-4061-B087-4DD0333F9B55}.Ad-Hoc|iPhoneSimulator.ActiveCfg = Release|Any CPU
		{BE8DBC8B-C3C1-4061-B087-4DD0333F9B55}.Ad-Hoc|iPhoneSimulator.Build.0 = Release|Any CPU
		{BE8DBC8B-C3C1-4061-B087-4DD0333F9B55}.Ad-Hoc|iPhoneSimulator.Deploy.0 = Release|Any CPU
		{BE8DBC8B-C3C1-4061-B087-4DD0333F9B55}.AppStore|Any CPU.ActiveCfg = Release|Any CPU
		{BE8DBC8B-C3C1-4061-B087-4DD0333F9B55}.AppStore|Any CPU.Build.0 = Release|Any CPU
		{BE8DBC8B-C3C1-4061-B087-4DD0333F9B55}.AppStore|Any CPU.Deploy.0 = Release|Any CPU
		{BE8DBC8B-C3C1-4061-B087-4DD0333F9B55}.AppStore|iPhone.ActiveCfg = Release|Any CPU
		{BE8DBC8B-C3C1-4061-B087-4DD0333F9B55}.AppStore|iPhone.Build.0 = Release|Any CPU
		{BE8DBC8B-C3C1-4061-B087-4DD0333F9B55}.AppStore|iPhone.Deploy.0 = Release|Any CPU
		{BE8DBC8B-C3C1-4061-B087-4DD0333F9B55}.AppStore|iPhoneSimulator.ActiveCfg = Release|Any CPU
		{BE8DBC8B-C3C1-4061-B087-4DD0333F9B55}.AppStore|iPhoneSimulator.Build.0 = Release|Any CPU
		{BE8DBC8B-C3C1-4061-B087-4DD0333F9B55}.AppStore|iPhoneSimulator.Deploy.0 = Release|Any CPU
		{BE8DBC8B-C3C1-4061-B087-4DD0333F9B55}.Debug|Any CPU.ActiveCfg = Debug|Any CPU
		{BE8DBC8B-C3C1-4061-B087-4DD0333F9B55}.Debug|Any CPU.Build.0 = Debug|Any CPU
		{BE8DBC8B-C3C1-4061-B087-4DD0333F9B55}.Debug|Any CPU.Deploy.0 = Debug|Any CPU
		{BE8DBC8B-C3C1-4061-B087-4DD0333F9B55}.Debug|iPhone.ActiveCfg = Debug|Any CPU
		{BE8DBC8B-C3C1-4061-B087-4DD0333F9B55}.Debug|iPhone.Build.0 = Debug|Any CPU
		{BE8DBC8B-C3C1-4061-B087-4DD0333F9B55}.Debug|iPhone.Deploy.0 = Debug|Any CPU
		{BE8DBC8B-C3C1-4061-B087-4DD0333F9B55}.Debug|iPhoneSimulator.ActiveCfg = Debug|Any CPU
		{BE8DBC8B-C3C1-4061-B087-4DD0333F9B55}.Debug|iPhoneSimulator.Build.0 = Debug|Any CPU
		{BE8DBC8B-C3C1-4061-B087-4DD0333F9B55}.Debug|iPhoneSimulator.Deploy.0 = Debug|Any CPU
		{BE8DBC8B-C3C1-4061-B087-4DD0333F9B55}.Release|Any CPU.ActiveCfg = Release|Any CPU
		{BE8DBC8B-C3C1-4061-B087-4DD0333F9B55}.Release|Any CPU.Build.0 = Release|Any CPU
		{BE8DBC8B-C3C1-4061-B087-4DD0333F9B55}.Release|Any CPU.Deploy.0 = Release|Any CPU
		{BE8DBC8B-C3C1-4061-B087-4DD0333F9B55}.Release|iPhone.ActiveCfg = Release|Any CPU
		{BE8DBC8B-C3C1-4061-B087-4DD0333F9B55}.Release|iPhone.Build.0 = Release|Any CPU
		{BE8DBC8B-C3C1-4061-B087-4DD0333F9B55}.Release|iPhone.Deploy.0 = Release|Any CPU
		{BE8DBC8B-C3C1-4061-B087-4DD0333F9B55}.Release|iPhoneSimulator.ActiveCfg = Release|Any CPU
		{BE8DBC8B-C3C1-4061-B087-4DD0333F9B55}.Release|iPhoneSimulator.Build.0 = Release|Any CPU
		{BE8DBC8B-C3C1-4061-B087-4DD0333F9B55}.Release|iPhoneSimulator.Deploy.0 = Release|Any CPU
		{A6CD2AEF-BE8B-4D9F-A772-C70CF0AA43C6}.Ad-Hoc|Any CPU.ActiveCfg = Release|iPhone
		{A6CD2AEF-BE8B-4D9F-A772-C70CF0AA43C6}.Ad-Hoc|Any CPU.Build.0 = Release|iPhone
		{A6CD2AEF-BE8B-4D9F-A772-C70CF0AA43C6}.Ad-Hoc|iPhone.ActiveCfg = Release|iPhone
		{A6CD2AEF-BE8B-4D9F-A772-C70CF0AA43C6}.Ad-Hoc|iPhone.Build.0 = Release|iPhone
		{A6CD2AEF-BE8B-4D9F-A772-C70CF0AA43C6}.Ad-Hoc|iPhoneSimulator.ActiveCfg = Release|iPhoneSimulator
		{A6CD2AEF-BE8B-4D9F-A772-C70CF0AA43C6}.Ad-Hoc|iPhoneSimulator.Build.0 = Release|iPhoneSimulator
		{A6CD2AEF-BE8B-4D9F-A772-C70CF0AA43C6}.AppStore|Any CPU.ActiveCfg = Release|iPhone
		{A6CD2AEF-BE8B-4D9F-A772-C70CF0AA43C6}.AppStore|Any CPU.Build.0 = Release|iPhone
		{A6CD2AEF-BE8B-4D9F-A772-C70CF0AA43C6}.AppStore|iPhone.ActiveCfg = Release|iPhone
		{A6CD2AEF-BE8B-4D9F-A772-C70CF0AA43C6}.AppStore|iPhone.Build.0 = Release|iPhone
		{A6CD2AEF-BE8B-4D9F-A772-C70CF0AA43C6}.AppStore|iPhoneSimulator.ActiveCfg = Release|iPhoneSimulator
		{A6CD2AEF-BE8B-4D9F-A772-C70CF0AA43C6}.AppStore|iPhoneSimulator.Build.0 = Release|iPhoneSimulator
		{A6CD2AEF-BE8B-4D9F-A772-C70CF0AA43C6}.Debug|Any CPU.ActiveCfg = Debug|iPhone
		{A6CD2AEF-BE8B-4D9F-A772-C70CF0AA43C6}.Debug|iPhone.ActiveCfg = Debug|iPhone
		{A6CD2AEF-BE8B-4D9F-A772-C70CF0AA43C6}.Debug|iPhone.Build.0 = Debug|iPhone
		{A6CD2AEF-BE8B-4D9F-A772-C70CF0AA43C6}.Debug|iPhoneSimulator.ActiveCfg = Debug|iPhoneSimulator
		{A6CD2AEF-BE8B-4D9F-A772-C70CF0AA43C6}.Debug|iPhoneSimulator.Build.0 = Debug|iPhoneSimulator
		{A6CD2AEF-BE8B-4D9F-A772-C70CF0AA43C6}.Release|Any CPU.ActiveCfg = Release|iPhone
		{A6CD2AEF-BE8B-4D9F-A772-C70CF0AA43C6}.Release|iPhone.ActiveCfg = Release|iPhone
		{A6CD2AEF-BE8B-4D9F-A772-C70CF0AA43C6}.Release|iPhone.Build.0 = Release|iPhone
		{A6CD2AEF-BE8B-4D9F-A772-C70CF0AA43C6}.Release|iPhoneSimulator.ActiveCfg = Release|iPhoneSimulator
		{A6CD2AEF-BE8B-4D9F-A772-C70CF0AA43C6}.Release|iPhoneSimulator.Build.0 = Release|iPhoneSimulator
	EndGlobalSection
	GlobalSection(SolutionProperties) = preSolution
		HideSolutionNode = FALSE
	EndGlobalSection
	GlobalSection(ExtensibilityGlobals) = postSolution
		SolutionGuid = {8D41BB7F-DD92-4D25-BCA1-681999CBAD63}
	EndGlobalSection
EndGlobal
